// !$*UTF8*$!
{
	archiveVersion = 1;
	classes = {
	};
	objectVersion = 55;
	objects = {

/* Begin PBXBuildFile section */
		1F02489828A3ED5D00EB62C1 /* AppDelegate.swift in Sources */ = {isa = PBXBuildFile; fileRef = 1F02489728A3ED5D00EB62C1 /* AppDelegate.swift */; };
		1F02489C28A3ED5D00EB62C1 /* ViewController.swift in Sources */ = {isa = PBXBuildFile; fileRef = 1F02489B28A3ED5D00EB62C1 /* ViewController.swift */; };
		1F0248A128A3ED6000EB62C1 /* Assets.xcassets in Resources */ = {isa = PBXBuildFile; fileRef = 1F0248A028A3ED6000EB62C1 /* Assets.xcassets */; };
		1F0248A428A3ED6000EB62C1 /* LaunchScreen.storyboard in Resources */ = {isa = PBXBuildFile; fileRef = 1F0248A228A3ED6000EB62C1 /* LaunchScreen.storyboard */; };
		1F0248C828A3F3B800EB62C1 /* GoogleService-Info.plist in Resources */ = {isa = PBXBuildFile; fileRef = 1F0248C728A3F3B800EB62C1 /* GoogleService-Info.plist */; };
		1F0248CB28A3F4FE00EB62C1 /* FirebaseRemoteConfig in Frameworks */ = {isa = PBXBuildFile; productRef = 1F0248CA28A3F4FE00EB62C1 /* FirebaseRemoteConfig */; };
		1F0248CD28A3F4FE00EB62C1 /* FirebaseRemoteConfigSwift in Frameworks */ = {isa = PBXBuildFile; productRef = 1F0248CC28A3F4FE00EB62C1 /* FirebaseRemoteConfigSwift */; };
		1F0248CF28A41F2D00EB62C1 /* ForceUpdateChecker.swift in Sources */ = {isa = PBXBuildFile; fileRef = 1F0248CE28A41F2D00EB62C1 /* ForceUpdateChecker.swift */; };
		1FB86AC328A445100004E440 /* Extension+UIApplication.swift in Sources */ = {isa = PBXBuildFile; fileRef = 1FB86AC228A445100004E440 /* Extension+UIApplication.swift */; };
/* End PBXBuildFile section */

/* Begin PBXContainerItemProxy section */
		1F0248AB28A3ED6000EB62C1 /* PBXContainerItemProxy */ = {
			isa = PBXContainerItemProxy;
			containerPortal = 1F02488C28A3ED5D00EB62C1 /* Project object */;
			proxyType = 1;
			remoteGlobalIDString = 1F02489328A3ED5D00EB62C1;
			remoteInfo = ForceUpdate;
		};
		1F0248B528A3ED6000EB62C1 /* PBXContainerItemProxy */ = {
			isa = PBXContainerItemProxy;
			containerPortal = 1F02488C28A3ED5D00EB62C1 /* Project object */;
			proxyType = 1;
			remoteGlobalIDString = 1F02489328A3ED5D00EB62C1;
			remoteInfo = ForceUpdate;
		};
/* End PBXContainerItemProxy section */

/* Begin PBXFileReference section */
		1F02489428A3ED5D00EB62C1 /* ForceUpdate.app */ = {isa = PBXFileReference; explicitFileType = wrapper.application; includeInIndex = 0; path = ForceUpdate.app; sourceTree = BUILT_PRODUCTS_DIR; };
		1F02489728A3ED5D00EB62C1 /* AppDelegate.swift */ = {isa = PBXFileReference; lastKnownFileType = sourcecode.swift; path = AppDelegate.swift; sourceTree = "<group>"; };
		1F02489B28A3ED5D00EB62C1 /* ViewController.swift */ = {isa = PBXFileReference; lastKnownFileType = sourcecode.swift; path = ViewController.swift; sourceTree = "<group>"; };
		1F0248A028A3ED6000EB62C1 /* Assets.xcassets */ = {isa = PBXFileReference; lastKnownFileType = folder.assetcatalog; path = Assets.xcassets; sourceTree = "<group>"; };
		1F0248A328A3ED6000EB62C1 /* Base */ = {isa = PBXFileReference; lastKnownFileType = file.storyboard; name = Base; path = Base.lproj/LaunchScreen.storyboard; sourceTree = "<group>"; };
		1F0248A528A3ED6000EB62C1 /* Info.plist */ = {isa = PBXFileReference; lastKnownFileType = text.plist.xml; path = Info.plist; sourceTree = "<group>"; };
		1F0248AA28A3ED6000EB62C1 /* ForceUpdateTests.xctest */ = {isa = PBXFileReference; explicitFileType = wrapper.cfbundle; includeInIndex = 0; path = ForceUpdateTests.xctest; sourceTree = BUILT_PRODUCTS_DIR; };
		1F0248B428A3ED6000EB62C1 /* ForceUpdateUITests.xctest */ = {isa = PBXFileReference; explicitFileType = wrapper.cfbundle; includeInIndex = 0; path = ForceUpdateUITests.xctest; sourceTree = BUILT_PRODUCTS_DIR; };
		1F0248C728A3F3B800EB62C1 /* GoogleService-Info.plist */ = {isa = PBXFileReference; fileEncoding = 4; lastKnownFileType = text.plist.xml; path = "GoogleService-Info.plist"; sourceTree = "<group>"; };
		1F0248CE28A41F2D00EB62C1 /* ForceUpdateChecker.swift */ = {isa = PBXFileReference; lastKnownFileType = sourcecode.swift; path = ForceUpdateChecker.swift; sourceTree = "<group>"; };
		1FB86AC228A445100004E440 /* Extension+UIApplication.swift */ = {isa = PBXFileReference; lastKnownFileType = sourcecode.swift; path = "Extension+UIApplication.swift"; sourceTree = "<group>"; };
/* End PBXFileReference section */

/* Begin PBXFrameworksBuildPhase section */
		1F02489128A3ED5D00EB62C1 /* Frameworks */ = {
			isa = PBXFrameworksBuildPhase;
			buildActionMask = 2147483647;
			files = (
				1F0248CB28A3F4FE00EB62C1 /* FirebaseRemoteConfig in Frameworks */,
				1F0248CD28A3F4FE00EB62C1 /* FirebaseRemoteConfigSwift in Frameworks */,
			);
			runOnlyForDeploymentPostprocessing = 0;
		};
		1F0248A728A3ED6000EB62C1 /* Frameworks */ = {
			isa = PBXFrameworksBuildPhase;
			buildActionMask = 2147483647;
			files = (
			);
			runOnlyForDeploymentPostprocessing = 0;
		};
		1F0248B128A3ED6000EB62C1 /* Frameworks */ = {
			isa = PBXFrameworksBuildPhase;
			buildActionMask = 2147483647;
			files = (
			);
			runOnlyForDeploymentPostprocessing = 0;
		};
/* End PBXFrameworksBuildPhase section */

/* Begin PBXGroup section */
		1F02488B28A3ED5D00EB62C1 = {
			isa = PBXGroup;
			children = (
				1F02489628A3ED5D00EB62C1 /* ForceUpdate */,
				1F02489528A3ED5D00EB62C1 /* Products */,
			);
			sourceTree = "<group>";
		};
		1F02489528A3ED5D00EB62C1 /* Products */ = {
			isa = PBXGroup;
			children = (
				1F02489428A3ED5D00EB62C1 /* ForceUpdate.app */,
				1F0248AA28A3ED6000EB62C1 /* ForceUpdateTests.xctest */,
				1F0248B428A3ED6000EB62C1 /* ForceUpdateUITests.xctest */,
			);
			name = Products;
			sourceTree = "<group>";
		};
		1F02489628A3ED5D00EB62C1 /* ForceUpdate */ = {
			isa = PBXGroup;
			children = (
				1F02489728A3ED5D00EB62C1 /* AppDelegate.swift */,
				1FB86AC228A445100004E440 /* Extension+UIApplication.swift */,
				1F02489B28A3ED5D00EB62C1 /* ViewController.swift */,
				1F0248A028A3ED6000EB62C1 /* Assets.xcassets */,
				1F0248CE28A41F2D00EB62C1 /* ForceUpdateChecker.swift */,
				1F0248A228A3ED6000EB62C1 /* LaunchScreen.storyboard */,
				1F0248A528A3ED6000EB62C1 /* Info.plist */,
				1F0248C728A3F3B800EB62C1 /* GoogleService-Info.plist */,
			);
			path = ForceUpdate;
			sourceTree = "<group>";
		};
/* End PBXGroup section */

/* Begin PBXNativeTarget section */
		1F02489328A3ED5D00EB62C1 /* ForceUpdate */ = {
			isa = PBXNativeTarget;
			buildConfigurationList = 1F0248BE28A3ED6000EB62C1 /* Build configuration list for PBXNativeTarget "ForceUpdate" */;
			buildPhases = (
				1F02489028A3ED5D00EB62C1 /* Sources */,
				1F02489128A3ED5D00EB62C1 /* Frameworks */,
				1F02489228A3ED5D00EB62C1 /* Resources */,
			);
			buildRules = (
			);
			dependencies = (
			);
			name = ForceUpdate;
			packageProductDependencies = (
				1F0248CA28A3F4FE00EB62C1 /* FirebaseRemoteConfig */,
				1F0248CC28A3F4FE00EB62C1 /* FirebaseRemoteConfigSwift */,
			);
			productName = ForceUpdate;
			productReference = 1F02489428A3ED5D00EB62C1 /* ForceUpdate.app */;
			productType = "com.apple.product-type.application";
		};
		1F0248A928A3ED6000EB62C1 /* ForceUpdateTests */ = {
			isa = PBXNativeTarget;
			buildConfigurationList = 1F0248C128A3ED6000EB62C1 /* Build configuration list for PBXNativeTarget "ForceUpdateTests" */;
			buildPhases = (
				1F0248A628A3ED6000EB62C1 /* Sources */,
				1F0248A728A3ED6000EB62C1 /* Frameworks */,
				1F0248A828A3ED6000EB62C1 /* Resources */,
			);
			buildRules = (
			);
			dependencies = (
				1F0248AC28A3ED6000EB62C1 /* PBXTargetDependency */,
			);
			name = ForceUpdateTests;
			productName = ForceUpdateTests;
			productReference = 1F0248AA28A3ED6000EB62C1 /* ForceUpdateTests.xctest */;
			productType = "com.apple.product-type.bundle.unit-test";
		};
		1F0248B328A3ED6000EB62C1 /* ForceUpdateUITests */ = {
			isa = PBXNativeTarget;
			buildConfigurationList = 1F0248C428A3ED6000EB62C1 /* Build configuration list for PBXNativeTarget "ForceUpdateUITests" */;
			buildPhases = (
				1F0248B028A3ED6000EB62C1 /* Sources */,
				1F0248B128A3ED6000EB62C1 /* Frameworks */,
				1F0248B228A3ED6000EB62C1 /* Resources */,
			);
			buildRules = (
			);
			dependencies = (
				1F0248B628A3ED6000EB62C1 /* PBXTargetDependency */,
			);
			name = ForceUpdateUITests;
			productName = ForceUpdateUITests;
			productReference = 1F0248B428A3ED6000EB62C1 /* ForceUpdateUITests.xctest */;
			productType = "com.apple.product-type.bundle.ui-testing";
		};
/* End PBXNativeTarget section */

/* Begin PBXProject section */
		1F02488C28A3ED5D00EB62C1 /* Project object */ = {
			isa = PBXProject;
			attributes = {
				BuildIndependentTargetsInParallel = 1;
				LastSwiftUpdateCheck = 1340;
				LastUpgradeCheck = 1340;
				TargetAttributes = {
					1F02489328A3ED5D00EB62C1 = {
						CreatedOnToolsVersion = 13.4.1;
					};
					1F0248A928A3ED6000EB62C1 = {
						CreatedOnToolsVersion = 13.4.1;
						TestTargetID = 1F02489328A3ED5D00EB62C1;
					};
					1F0248B328A3ED6000EB62C1 = {
						CreatedOnToolsVersion = 13.4.1;
						TestTargetID = 1F02489328A3ED5D00EB62C1;
					};
				};
			};
			buildConfigurationList = 1F02488F28A3ED5D00EB62C1 /* Build configuration list for PBXProject "ForceUpdate" */;
			compatibilityVersion = "Xcode 13.0";
			developmentRegion = en;
			hasScannedForEncodings = 0;
			knownRegions = (
				en,
				Base,
			);
			mainGroup = 1F02488B28A3ED5D00EB62C1;
			packageReferences = (
				1F0248C928A3F4FE00EB62C1 /* XCRemoteSwiftPackageReference "firebase-ios-sdk" */,
			);
			productRefGroup = 1F02489528A3ED5D00EB62C1 /* Products */;
			projectDirPath = "";
			projectRoot = "";
			targets = (
				1F02489328A3ED5D00EB62C1 /* ForceUpdate */,
				1F0248A928A3ED6000EB62C1 /* ForceUpdateTests */,
				1F0248B328A3ED6000EB62C1 /* ForceUpdateUITests */,
			);
		};
/* End PBXProject section */

/* Begin PBXResourcesBuildPhase section */
		1F02489228A3ED5D00EB62C1 /* Resources */ = {
			isa = PBXResourcesBuildPhase;
			buildActionMask = 2147483647;
			files = (
				1F0248A428A3ED6000EB62C1 /* LaunchScreen.storyboard in Resources */,
				1F0248A128A3ED6000EB62C1 /* Assets.xcassets in Resources */,
				1F0248C828A3F3B800EB62C1 /* GoogleService-Info.plist in Resources */,
			);
			runOnlyForDeploymentPostprocessing = 0;
		};
		1F0248A828A3ED6000EB62C1 /* Resources */ = {
			isa = PBXResourcesBuildPhase;
			buildActionMask = 2147483647;
			files = (
			);
			runOnlyForDeploymentPostprocessing = 0;
		};
		1F0248B228A3ED6000EB62C1 /* Resources */ = {
			isa = PBXResourcesBuildPhase;
			buildActionMask = 2147483647;
			files = (
			);
			runOnlyForDeploymentPostprocessing = 0;
		};
/* End PBXResourcesBuildPhase section */

/* Begin PBXSourcesBuildPhase section */
		1F02489028A3ED5D00EB62C1 /* Sources */ = {
			isa = PBXSourcesBuildPhase;
			buildActionMask = 2147483647;
			files = (
				1F02489C28A3ED5D00EB62C1 /* ViewController.swift in Sources */,
				1F0248CF28A41F2D00EB62C1 /* ForceUpdateChecker.swift in Sources */,
				1FB86AC328A445100004E440 /* Extension+UIApplication.swift in Sources */,
				1F02489828A3ED5D00EB62C1 /* AppDelegate.swift in Sources */,
			);
			runOnlyForDeploymentPostprocessing = 0;
		};
		1F0248A628A3ED6000EB62C1 /* Sources */ = {
			isa = PBXSourcesBuildPhase;
			buildActionMask = 2147483647;
			files = (
			);
			runOnlyForDeploymentPostprocessing = 0;
		};
		1F0248B028A3ED6000EB62C1 /* Sources */ = {
			isa = PBXSourcesBuildPhase;
			buildActionMask = 2147483647;
			files = (
			);
			runOnlyForDeploymentPostprocessing = 0;
		};
/* End PBXSourcesBuildPhase section */

/* Begin PBXTargetDependency section */
		1F0248AC28A3ED6000EB62C1 /* PBXTargetDependency */ = {
			isa = PBXTargetDependency;
			target = 1F02489328A3ED5D00EB62C1 /* ForceUpdate */;
			targetProxy = 1F0248AB28A3ED6000EB62C1 /* PBXContainerItemProxy */;
		};
		1F0248B628A3ED6000EB62C1 /* PBXTargetDependency */ = {
			isa = PBXTargetDependency;
			target = 1F02489328A3ED5D00EB62C1 /* ForceUpdate */;
			targetProxy = 1F0248B528A3ED6000EB62C1 /* PBXContainerItemProxy */;
		};
/* End PBXTargetDependency section */

/* Begin PBXVariantGroup section */
		1F0248A228A3ED6000EB62C1 /* LaunchScreen.storyboard */ = {
			isa = PBXVariantGroup;
			children = (
				1F0248A328A3ED6000EB62C1 /* Base */,
			);
			name = LaunchScreen.storyboard;
			sourceTree = "<group>";
		};
/* End PBXVariantGroup section */

/* Begin XCBuildConfiguration section */
		1F0248BC28A3ED6000EB62C1 /* Debug */ = {
			isa = XCBuildConfiguration;
			buildSettings = {
				ALWAYS_SEARCH_USER_PATHS = NO;
				CLANG_ANALYZER_NONNULL = YES;
				CLANG_ANALYZER_NUMBER_OBJECT_CONVERSION = YES_AGGRESSIVE;
				CLANG_CXX_LANGUAGE_STANDARD = "gnu++17";
				CLANG_ENABLE_MODULES = YES;
				CLANG_ENABLE_OBJC_ARC = YES;
				CLANG_ENABLE_OBJC_WEAK = YES;
				CLANG_WARN_BLOCK_CAPTURE_AUTORELEASING = YES;
				CLANG_WARN_BOOL_CONVERSION = YES;
				CLANG_WARN_COMMA = YES;
				CLANG_WARN_CONSTANT_CONVERSION = YES;
				CLANG_WARN_DEPRECATED_OBJC_IMPLEMENTATIONS = YES;
				CLANG_WARN_DIRECT_OBJC_ISA_USAGE = YES_ERROR;
				CLANG_WARN_DOCUMENTATION_COMMENTS = YES;
				CLANG_WARN_EMPTY_BODY = YES;
				CLANG_WARN_ENUM_CONVERSION = YES;
				CLANG_WARN_INFINITE_RECURSION = YES;
				CLANG_WARN_INT_CONVERSION = YES;
				CLANG_WARN_NON_LITERAL_NULL_CONVERSION = YES;
				CLANG_WARN_OBJC_IMPLICIT_RETAIN_SELF = YES;
				CLANG_WARN_OBJC_LITERAL_CONVERSION = YES;
				CLANG_WARN_OBJC_ROOT_CLASS = YES_ERROR;
				CLANG_WARN_QUOTED_INCLUDE_IN_FRAMEWORK_HEADER = YES;
				CLANG_WARN_RANGE_LOOP_ANALYSIS = YES;
				CLANG_WARN_STRICT_PROTOTYPES = YES;
				CLANG_WARN_SUSPICIOUS_MOVE = YES;
				CLANG_WARN_UNGUARDED_AVAILABILITY = YES_AGGRESSIVE;
				CLANG_WARN_UNREACHABLE_CODE = YES;
				CLANG_WARN__DUPLICATE_METHOD_MATCH = YES;
				COPY_PHASE_STRIP = NO;
				DEBUG_INFORMATION_FORMAT = dwarf;
				ENABLE_STRICT_OBJC_MSGSEND = YES;
				ENABLE_TESTABILITY = YES;
				GCC_C_LANGUAGE_STANDARD = gnu11;
				GCC_DYNAMIC_NO_PIC = NO;
				GCC_NO_COMMON_BLOCKS = YES;
				GCC_OPTIMIZATION_LEVEL = 0;
				GCC_PREPROCESSOR_DEFINITIONS = (
					"DEBUG=1",
					"$(inherited)",
				);
				GCC_WARN_64_TO_32_BIT_CONVERSION = YES;
				GCC_WARN_ABOUT_RETURN_TYPE = YES_ERROR;
				GCC_WARN_UNDECLARED_SELECTOR = YES;
				GCC_WARN_UNINITIALIZED_AUTOS = YES_AGGRESSIVE;
				GCC_WARN_UNUSED_FUNCTION = YES;
				GCC_WARN_UNUSED_VARIABLE = YES;
				IPHONEOS_DEPLOYMENT_TARGET = 15.5;
				MTL_ENABLE_DEBUG_INFO = INCLUDE_SOURCE;
				MTL_FAST_MATH = YES;
				ONLY_ACTIVE_ARCH = YES;
				SDKROOT = iphoneos;
				SWIFT_ACTIVE_COMPILATION_CONDITIONS = DEBUG;
				SWIFT_OPTIMIZATION_LEVEL = "-Onone";
			};
			name = Debug;
		};
		1F0248BD28A3ED6000EB62C1 /* Release */ = {
			isa = XCBuildConfiguration;
			buildSettings = {
				ALWAYS_SEARCH_USER_PATHS = NO;
				CLANG_ANALYZER_NONNULL = YES;
				CLANG_ANALYZER_NUMBER_OBJECT_CONVERSION = YES_AGGRESSIVE;
				CLANG_CXX_LANGUAGE_STANDARD = "gnu++17";
				CLANG_ENABLE_MODULES = YES;
				CLANG_ENABLE_OBJC_ARC = YES;
				CLANG_ENABLE_OBJC_WEAK = YES;
				CLANG_WARN_BLOCK_CAPTURE_AUTORELEASING = YES;
				CLANG_WARN_BOOL_CONVERSION = YES;
				CLANG_WARN_COMMA = YES;
				CLANG_WARN_CONSTANT_CONVERSION = YES;
				CLANG_WARN_DEPRECATED_OBJC_IMPLEMENTATIONS = YES;
				CLANG_WARN_DIRECT_OBJC_ISA_USAGE = YES_ERROR;
				CLANG_WARN_DOCUMENTATION_COMMENTS = YES;
				CLANG_WARN_EMPTY_BODY = YES;
				CLANG_WARN_ENUM_CONVERSION = YES;
				CLANG_WARN_INFINITE_RECURSION = YES;
				CLANG_WARN_INT_CONVERSION = YES;
				CLANG_WARN_NON_LITERAL_NULL_CONVERSION = YES;
				CLANG_WARN_OBJC_IMPLICIT_RETAIN_SELF = YES;
				CLANG_WARN_OBJC_LITERAL_CONVERSION = YES;
				CLANG_WARN_OBJC_ROOT_CLASS = YES_ERROR;
				CLANG_WARN_QUOTED_INCLUDE_IN_FRAMEWORK_HEADER = YES;
				CLANG_WARN_RANGE_LOOP_ANALYSIS = YES;
				CLANG_WARN_STRICT_PROTOTYPES = YES;
				CLANG_WARN_SUSPICIOUS_MOVE = YES;
				CLANG_WARN_UNGUARDED_AVAILABILITY = YES_AGGRESSIVE;
				CLANG_WARN_UNREACHABLE_CODE = YES;
				CLANG_WARN__DUPLICATE_METHOD_MATCH = YES;
				COPY_PHASE_STRIP = NO;
				DEBUG_INFORMATION_FORMAT = "dwarf-with-dsym";
				ENABLE_NS_ASSERTIONS = NO;
				ENABLE_STRICT_OBJC_MSGSEND = YES;
				GCC_C_LANGUAGE_STANDARD = gnu11;
				GCC_NO_COMMON_BLOCKS = YES;
				GCC_WARN_64_TO_32_BIT_CONVERSION = YES;
				GCC_WARN_ABOUT_RETURN_TYPE = YES_ERROR;
				GCC_WARN_UNDECLARED_SELECTOR = YES;
				GCC_WARN_UNINITIALIZED_AUTOS = YES_AGGRESSIVE;
				GCC_WARN_UNUSED_FUNCTION = YES;
				GCC_WARN_UNUSED_VARIABLE = YES;
				IPHONEOS_DEPLOYMENT_TARGET = 15.5;
				MTL_ENABLE_DEBUG_INFO = NO;
				MTL_FAST_MATH = YES;
				SDKROOT = iphoneos;
				SWIFT_COMPILATION_MODE = wholemodule;
				SWIFT_OPTIMIZATION_LEVEL = "-O";
				VALIDATE_PRODUCT = YES;
			};
			name = Release;
		};
		1F0248BF28A3ED6000EB62C1 /* Debug */ = {
			isa = XCBuildConfiguration;
			buildSettings = {
				ASSETCATALOG_COMPILER_APPICON_NAME = AppIcon;
				ASSETCATALOG_COMPILER_GLOBAL_ACCENT_COLOR_NAME = AccentColor;
				CODE_SIGN_STYLE = Automatic;
				CURRENT_PROJECT_VERSION = 1;
				DEVELOPMENT_TEAM = JG4V6B9V28;
				GENERATE_INFOPLIST_FILE = YES;
				INFOPLIST_FILE = ForceUpdate/Info.plist;
				INFOPLIST_KEY_UIApplicationSupportsIndirectInputEvents = YES;
				INFOPLIST_KEY_UILaunchStoryboardName = LaunchScreen;
				INFOPLIST_KEY_UISupportedInterfaceOrientations_iPad = "UIInterfaceOrientationPortrait UIInterfaceOrientationPortraitUpsideDown UIInterfaceOrientationLandscapeLeft UIInterfaceOrientationLandscapeRight";
				INFOPLIST_KEY_UISupportedInterfaceOrientations_iPhone = "UIInterfaceOrientationPortrait UIInterfaceOrientationLandscapeLeft UIInterfaceOrientationLandscapeRight";
				LD_RUNPATH_SEARCH_PATHS = (
					"$(inherited)",
					"@executable_path/Frameworks",
				);
				MARKETING_VERSION = 1.0.0;
				PRODUCT_BUNDLE_IDENTIFIER = com.natisapucaia.ForceUpdate;
				PRODUCT_NAME = "$(TARGET_NAME)";
				SWIFT_EMIT_LOC_STRINGS = YES;
				SWIFT_VERSION = 5.0;
				TARGETED_DEVICE_FAMILY = "1,2";
			};
			name = Debug;
		};
		1F0248C028A3ED6000EB62C1 /* Release */ = {
			isa = XCBuildConfiguration;
			buildSettings = {
				ASSETCATALOG_COMPILER_APPICON_NAME = AppIcon;
				ASSETCATALOG_COMPILER_GLOBAL_ACCENT_COLOR_NAME = AccentColor;
				CODE_SIGN_STYLE = Automatic;
				CURRENT_PROJECT_VERSION = 1;
				DEVELOPMENT_TEAM = JG4V6B9V28;
				GENERATE_INFOPLIST_FILE = YES;
				INFOPLIST_FILE = ForceUpdate/Info.plist;
				INFOPLIST_KEY_UIApplicationSupportsIndirectInputEvents = YES;
				INFOPLIST_KEY_UILaunchStoryboardName = LaunchScreen;
				INFOPLIST_KEY_UISupportedInterfaceOrientations_iPad = "UIInterfaceOrientationPortrait UIInterfaceOrientationPortraitUpsideDown UIInterfaceOrientationLandscapeLeft UIInterfaceOrientationLandscapeRight";
				INFOPLIST_KEY_UISupportedInterfaceOrientations_iPhone = "UIInterfaceOrientationPortrait UIInterfaceOrientationLandscapeLeft UIInterfaceOrientationLandscapeRight";
				LD_RUNPATH_SEARCH_PATHS = (
					"$(inherited)",
					"@executable_path/Frameworks",
				);
				MARKETING_VERSION = 1.0.0;
				PRODUCT_BUNDLE_IDENTIFIER = com.natisapucaia.ForceUpdate;
				PRODUCT_NAME = "$(TARGET_NAME)";
				SWIFT_EMIT_LOC_STRINGS = YES;
				SWIFT_VERSION = 5.0;
				TARGETED_DEVICE_FAMILY = "1,2";
			};
			name = Release;
		};
		1F0248C228A3ED6000EB62C1 /* Debug */ = {
			isa = XCBuildConfiguration;
			buildSettings = {
				ALWAYS_EMBED_SWIFT_STANDARD_LIBRARIES = YES;
				BUNDLE_LOADER = "$(TEST_HOST)";
				CODE_SIGN_STYLE = Automatic;
				CURRENT_PROJECT_VERSION = 1;
				DEVELOPMENT_TEAM = JG4V6B9V28;
				GENERATE_INFOPLIST_FILE = YES;
				IPHONEOS_DEPLOYMENT_TARGET = 15.5;
				MARKETING_VERSION = 1.0;
				PRODUCT_BUNDLE_IDENTIFIER = com.natisapucaia.ForceUpdateTests;
				PRODUCT_NAME = "$(TARGET_NAME)";
				SWIFT_EMIT_LOC_STRINGS = NO;
				SWIFT_VERSION = 5.0;
				TARGETED_DEVICE_FAMILY = "1,2";
				TEST_HOST = "$(BUILT_PRODUCTS_DIR)/ForceUpdate.app/ForceUpdate";
			};
			name = Debug;
		};
		1F0248C328A3ED6000EB62C1 /* Release */ = {
			isa = XCBuildConfiguration;
			buildSettings = {
				ALWAYS_EMBED_SWIFT_STANDARD_LIBRARIES = YES;
				BUNDLE_LOADER = "$(TEST_HOST)";
				CODE_SIGN_STYLE = Automatic;
				CURRENT_PROJECT_VERSION = 1;
				DEVELOPMENT_TEAM = JG4V6B9V28;
				GENERATE_INFOPLIST_FILE = YES;
				IPHONEOS_DEPLOYMENT_TARGET = 15.5;
				MARKETING_VERSION = 1.0;
				PRODUCT_BUNDLE_IDENTIFIER = com.natisapucaia.ForceUpdateTests;
				PRODUCT_NAME = "$(TARGET_NAME)";
				SWIFT_EMIT_LOC_STRINGS = NO;
				SWIFT_VERSION = 5.0;
				TARGETED_DEVICE_FAMILY = "1,2";
				TEST_HOST = "$(BUILT_PRODUCTS_DIR)/ForceUpdate.app/ForceUpdate";
			};
			name = Release;
		};
		1F0248C528A3ED6000EB62C1 /* Debug */ = {
			isa = XCBuildConfiguration;
			buildSettings = {
				ALWAYS_EMBED_SWIFT_STANDARD_LIBRARIES = YES;
				CODE_SIGN_STYLE = Automatic;
				CURRENT_PROJECT_VERSION = 1;
				DEVELOPMENT_TEAM = JG4V6B9V28;
				GENERATE_INFOPLIST_FILE = YES;
				MARKETING_VERSION = 1.0;
				PRODUCT_BUNDLE_IDENTIFIER = com.natisapucaia.ForceUpdateUITests;
				PRODUCT_NAME = "$(TARGET_NAME)";
				SWIFT_EMIT_LOC_STRINGS = NO;
				SWIFT_VERSION = 5.0;
				TARGETED_DEVICE_FAMILY = "1,2";
				TEST_TARGET_NAME = ForceUpdate;
			};
			name = Debug;
		};
		1F0248C628A3ED6000EB62C1 /* Release */ = {
			isa = XCBuildConfiguration;
			buildSettings = {
				ALWAYS_EMBED_SWIFT_STANDARD_LIBRARIES = YES;
				CODE_SIGN_STYLE = Automatic;
				CURRENT_PROJECT_VERSION = 1;
				DEVELOPMENT_TEAM = JG4V6B9V28;
				GENERATE_INFOPLIST_FILE = YES;
				MARKETING_VERSION = 1.0;
				PRODUCT_BUNDLE_IDENTIFIER = com.natisapucaia.ForceUpdateUITests;
				PRODUCT_NAME = "$(TARGET_NAME)";
				SWIFT_EMIT_LOC_STRINGS = NO;
				SWIFT_VERSION = 5.0;
				TARGETED_DEVICE_FAMILY = "1,2";
				TEST_TARGET_NAME = ForceUpdate;
			};
			name = Release;
		};
/* End XCBuildConfiguration section */

/* Begin XCConfigurationList section */
		1F02488F28A3ED5D00EB62C1 /* Build configuration list for PBXProject "ForceUpdate" */ = {
			isa = XCConfigurationList;
			buildConfigurations = (
				1F0248BC28A3ED6000EB62C1 /* Debug */,
				1F0248BD28A3ED6000EB62C1 /* Release */,
			);
			defaultConfigurationIsVisible = 0;
			defaultConfigurationName = Release;
		};
		1F0248BE28A3ED6000EB62C1 /* Build configuration list for PBXNativeTarget "ForceUpdate" */ = {
			isa = XCConfigurationList;
			buildConfigurations = (
				1F0248BF28A3ED6000EB62C1 /* Debug */,
				1F0248C028A3ED6000EB62C1 /* Release */,
			);
			defaultConfigurationIsVisible = 0;
			defaultConfigurationName = Release;
		};
		1F0248C128A3ED6000EB62C1 /* Build configuration list for PBXNativeTarget "ForceUpdateTests" */ = {
			isa = XCConfigurationList;
			buildConfigurations = (
				1F0248C228A3ED6000EB62C1 /* Debug */,
				1F0248C328A3ED6000EB62C1 /* Release */,
			);
			defaultConfigurationIsVisible = 0;
			defaultConfigurationName = Release;
		};
		1F0248C428A3ED6000EB62C1 /* Build configuration list for PBXNativeTarget "ForceUpdateUITests" */ = {
			isa = XCConfigurationList;
			buildConfigurations = (
				1F0248C528A3ED6000EB62C1 /* Debug */,
				1F0248C628A3ED6000EB62C1 /* Release */,
			);
			defaultConfigurationIsVisible = 0;
			defaultConfigurationName = Release;
		};
/* End XCConfigurationList section */

/* Begin XCRemoteSwiftPackageReference section */
		1F0248C928A3F4FE00EB62C1 /* XCRemoteSwiftPackageReference "firebase-ios-sdk" */ = {
			isa = XCRemoteSwiftPackageReference;
			repositoryURL = "https://github.com/firebase/firebase-ios-sdk";
			requirement = {
				kind = upToNextMajorVersion;
				minimumVersion = 9.0.0;
			};
		};
/* End XCRemoteSwiftPackageReference section */

/* Begin XCSwiftPackageProductDependency section */
		1F0248CA28A3F4FE00EB62C1 /* FirebaseRemoteConfig */ = {
			isa = XCSwiftPackageProductDependency;
			package = 1F0248C928A3F4FE00EB62C1 /* XCRemoteSwiftPackageReference "firebase-ios-sdk" */;
			productName = FirebaseRemoteConfig;
		};
		1F0248CC28A3F4FE00EB62C1 /* FirebaseRemoteConfigSwift */ = {
			isa = XCSwiftPackageProductDependency;
			package = 1F0248C928A3F4FE00EB62C1 /* XCRemoteSwiftPackageReference "firebase-ios-sdk" */;
			productName = FirebaseRemoteConfigSwift;
		};
/* End XCSwiftPackageProductDependency section */
	};
	rootObject = 1F02488C28A3ED5D00EB62C1 /* Project object */;
}
